
Microsoft Visual Studio Solution File, Format Version 12.00
# Visual Studio Version 17
VisualStudioVersion = 17.4.33122.133
MinimumVisualStudioVersion = 10.0.40219.1
Project("{8BC9CEB8-8B4A-11D0-8D11-00A0C91BC942}") = "Engine", "Viking Engine\Viking Engine.vcxproj", "{B7F7AD1B-0664-43C5-9C4B-9B1EA9F4F738}"
EndProject
Project("{2150E333-8FDC-42A3-9474-1A3956D46DE8}") = "Engine", "Engine", "{35FE9FD5-CE2F-46A4-9445-CF76AF05C5BF}"
EndProject
Project("{2150E333-8FDC-42A3-9474-1A3956D46DE8}") = "Compiler", "Compiler", "{2291797B-A2A1-4481-BD70-9E76BC732204}"
EndProject
Project("{8BC9CEB8-8B4A-11D0-8D11-00A0C91BC942}") = "Compiler", "Compiler\Compiler.vcxproj", "{7A09A4D4-0F25-45B8-A156-713CB2B38027}"
EndProject
Project("{2150E333-8FDC-42A3-9474-1A3956D46DE8}") = "Resources", "Resources", "{C932FAAC-35D3-424B-B39B-7DD92A9B47BF}"
EndProject
Project("{2150E333-8FDC-42A3-9474-1A3956D46DE8}") = "Audio", "Audio", "{257B1A19-3217-49A3-B802-28263FFB30C3}"
EndProject
Project("{2150E333-8FDC-42A3-9474-1A3956D46DE8}") = "Dlls", "Dlls", "{6A05679A-21D3-4182-A752-48996C51CAAF}"
EndProject
Project("{8BC9CEB8-8B4A-11D0-8D11-00A0C91BC942}") = "3D Audio Engine", "bin\Audio\_Libraries\3D Audio Engine\3D Audio Engine.vcxproj", "{EB4E98BA-8472-442E-BA35-82F5B71CE14C}"
EndProject
Project("{8BC9CEB8-8B4A-11D0-8D11-00A0C91BC942}") = "Audio Effect Engine", "bin\Audio\_Libraries\Audio Effect Engine\Audio Effect Engine.vcxproj", "{831F88FD-F10A-45D2-AA16-976103A2885A}"
EndProject
Project("{8BC9CEB8-8B4A-11D0-8D11-00A0C91BC942}") = "Audio Playback Engine", "bin\Audio\_Libraries\Audio Playback Engine\Audio Playback Engine.vcxproj", "{A3EFD830-4F66-425B-B79F-C986767E6183}"
EndProject
Project("{8BC9CEB8-8B4A-11D0-8D11-00A0C91BC942}") = "Audio Manager", "bin\Audio\Audio Manager\Audio Manager.vcxproj", "{AC381F93-FF37-4554-B33B-E5FEEA6982D2}"
EndProject
Project("{2150E333-8FDC-42A3-9474-1A3956D46DE8}") = "Core", "Core", "{971AFDF8-A5F1-4999-90C3-57E988813945}"
EndProject
Project("{2150E333-8FDC-42A3-9474-1A3956D46DE8}") = "Dlls", "Dlls", "{9EF5A52C-9FE0-466A-8AA6-2C3840168BF7}"
EndProject
Project("{2150E333-8FDC-42A3-9474-1A3956D46DE8}") = "Resources", "Resources", "{A84D44D5-9BF6-4CE5-90CB-0764D55F9ACF}"
EndProject
Project("{2150E333-8FDC-42A3-9474-1A3956D46DE8}") = "Dlls", "Dlls", "{75B0225A-02F2-4E2A-AF70-B4DF45F242D1}"
EndProject
Project("{8BC9CEB8-8B4A-11D0-8D11-00A0C91BC942}") = "Font Engine", "bin\Core\_Libraries\_Resources\_Libraries\Font Engine\Font Engine.vcxproj", "{BA7B8984-DFE2-40CD-BAB4-8308EA548697}"
EndProject
Project("{8BC9CEB8-8B4A-11D0-8D11-00A0C91BC942}") = "Material Engine", "bin\Core\_Libraries\_Resources\_Libraries\Material Engine\Material Engine.vcxproj", "{7E87E56E-370C-48DF-9F29-EE386DB2B9A1}"
EndProject
Project("{8BC9CEB8-8B4A-11D0-8D11-00A0C91BC942}") = "Memory Allocator", "bin\Core\_Libraries\_Resources\_Libraries\Memory Allocator\Memory Allocator.vcxproj", "{E83BDCFF-C117-4E30-8B0D-B4A97C14C866}"
EndProject
Project("{8BC9CEB8-8B4A-11D0-8D11-00A0C91BC942}") = "Mesh Engine", "bin\Core\_Libraries\_Resources\_Libraries\Mesh Engine\Mesh Engine.vcxproj", "{0268D310-65EF-4068-A78B-63CB63059183}"
EndProject
Project("{8BC9CEB8-8B4A-11D0-8D11-00A0C91BC942}") = "Texture Engine", "bin\Core\_Libraries\_Resources\_Libraries\Texture Engine\Texture Engine.vcxproj", "{A3433E17-811D-4ED3-BFED-29CF26D39302}"
EndProject
Project("{8BC9CEB8-8B4A-11D0-8D11-00A0C91BC942}") = "Resource Manager", "bin\Core\_Libraries\_Resources\Resource Manager\Resource Manager.vcxproj", "{8A301996-42B1-4256-A499-A7517722F9D0}"
EndProject
Project("{8BC9CEB8-8B4A-11D0-8D11-00A0C91BC942}") = "Debug Engine", "bin\Core\_Libraries\Debug Engine\Debug Engine.vcxproj", "{F26EEB28-8169-42D5-8F0F-FEA8360C64E7}"
EndProject
Project("{8BC9CEB8-8B4A-11D0-8D11-00A0C91BC942}") = "Math Engine", "bin\Core\_Libraries\Math Engine\Math Engine.vcxproj", "{D8DBC412-9E99-4547-8D24-86A7960EBE96}"
EndProject
Project("{8BC9CEB8-8B4A-11D0-8D11-00A0C91BC942}") = "Movie Engine", "bin\Core\_Libraries\Movie Engine\Movie Engine.vcxproj", "{01466EA5-9190-460D-AA6F-0037BA56F704}"
EndProject
Project("{2150E333-8FDC-42A3-9474-1A3956D46DE8}") = "Game", "Game", "{E6F59A0D-606A-44F3-BD24-92AEA84DCF72}"
EndProject
Project("{2150E333-8FDC-42A3-9474-1A3956D46DE8}") = "Dlls", "Dlls", "{C3362DA9-7E69-469D-9A5A-EC18240BE513}"
EndProject
Project("{2150E333-8FDC-42A3-9474-1A3956D46DE8}") = "Entities", "Entities", "{956D9AD4-DA83-4F7D-90CC-CC08873A167D}"
EndProject
Project("{2150E333-8FDC-42A3-9474-1A3956D46DE8}") = "Dlls", "Dlls", "{32707D59-336C-44FB-9C91-01FA47A7637D}"
EndProject
Project("{8BC9CEB8-8B4A-11D0-8D11-00A0C91BC942}") = "AI Engine", "bin\Game\_Libraries\Entities\_Libraries\AI Engine\AI Engine.vcxproj", "{7A9A105A-A0A4-4389-9B87-4080D732B376}"
EndProject
Project("{8BC9CEB8-8B4A-11D0-8D11-00A0C91BC942}") = "Camera Engine", "bin\Game\_Libraries\Entities\_Libraries\Camera Engine\Camera Engine.vcxproj", "{69EA1A45-7A99-454F-9C5C-BF13ED9F6602}"
EndProject
Project("{8BC9CEB8-8B4A-11D0-8D11-00A0C91BC942}") = "Player Engine", "bin\Game\_Libraries\Entities\_Libraries\Player Engine\Player Engine.vcxproj", "{2E02F704-C43F-4005-BBB4-C47C565B4FBC}"
EndProject
Project("{8BC9CEB8-8B4A-11D0-8D11-00A0C91BC942}") = "Core Manager", "bin\Core\Core Manager\Core Manager.vcxproj", "{452B10C7-A88A-4C11-B5AC-640F2B127D33}"
EndProject
Project("{8BC9CEB8-8B4A-11D0-8D11-00A0C91BC942}") = "Entities Manager", "bin\Game\_Libraries\Entities\Entities Manager\Entities Manager.vcxproj", "{B11AE811-25C2-4A37-9D37-75F7476A5992}"
EndProject
Project("{8BC9CEB8-8B4A-11D0-8D11-00A0C91BC942}") = "Animation Engine", "bin\Game\_Libraries\Animation Engine\Animation Engine.vcxproj", "{D2F9233D-624D-48ED-AB6D-4DCF7F7EFFDE}"
EndProject
Project("{8BC9CEB8-8B4A-11D0-8D11-00A0C91BC942}") = "Collision Engine", "bin\Game\_Libraries\Collision Engine\Collision Engine.vcxproj", "{F8F51CC7-A588-4BD6-8553-D41F35472F8B}"
EndProject
Project("{8BC9CEB8-8B4A-11D0-8D11-00A0C91BC942}") = "Event Engine", "bin\Game\_Libraries\Event Engine\Event Engine.vcxproj", "{AA1A8BBF-F039-4191-801D-69DEF810E48C}"
EndProject
Project("{8BC9CEB8-8B4A-11D0-8D11-00A0C91BC942}") = "Physics Engine", "bin\Game\_Libraries\Physics Engine\Physics Engine.vcxproj", "{09165098-12A3-4B4C-9DFD-DAEEFEEC04B8}"
EndProject
Project("{8BC9CEB8-8B4A-11D0-8D11-00A0C91BC942}") = "Script Engine", "bin\Game\_Libraries\Script Engine\Script Engine.vcxproj", "{7A66B099-70B9-40CA-85A2-267736F08CBF}"
EndProject
Project("{8BC9CEB8-8B4A-11D0-8D11-00A0C91BC942}") = "Stream Engine", "bin\Game\_Libraries\Stream Engine\Stream Engine.vcxproj", "{7FC93FBA-F473-429E-BAE6-679311A5E79C}"
EndProject
Project("{8BC9CEB8-8B4A-11D0-8D11-00A0C91BC942}") = "Game Manager", "bin\Game\Game Manager\Game Manager.vcxproj", "{F0E2BB12-6D41-4988-B4ED-DA2C7CB905C4}"
EndProject
Project("{2150E333-8FDC-42A3-9474-1A3956D46DE8}") = "IO", "IO", "{4D14BC32-C2BB-46BC-8A0E-B72C1A1E1B7D}"
EndProject
Project("{8BC9CEB8-8B4A-11D0-8D11-00A0C91BC942}") = "IO Manager", "bin\IO\_Libraries\IO Manager\IO Manager.vcxproj", "{BE508C16-A462-481B-B8E3-65FC04A21C1B}"
EndProject
Project("{2150E333-8FDC-42A3-9474-1A3956D46DE8}") = "Dlls", "Dlls", "{300CACD0-B1C5-4B06-9451-C4FE49ECAB7C}"
EndProject
Project("{2150E333-8FDC-42A3-9474-1A3956D46DE8}") = "Rendering", "Rendering", "{C99F63E9-6E0F-495B-9A3D-84AD8DB04A13}"
EndProject
Project("{2150E333-8FDC-42A3-9474-1A3956D46DE8}") = "Dlls", "Dlls", "{8C8C0F2D-015A-4D21-B109-770042D147FC}"
EndProject
Project("{8BC9CEB8-8B4A-11D0-8D11-00A0C91BC942}") = "FX Engine", "bin\Rendering\_Libraries\FX Engine\FX Engine.vcxproj", "{F08484A3-FAF9-4C33-A907-6A81F44C4B8A}"
EndProject
Project("{8BC9CEB8-8B4A-11D0-8D11-00A0C91BC942}") = "Graphics Engine", "bin\Rendering\_Libraries\Graphics Engine\Graphics Engine.vcxproj", "{01CEAF52-ACCD-4CC3-BB37-9F15D1E6D3C2}"
EndProject
Project("{8BC9CEB8-8B4A-11D0-8D11-00A0C91BC942}") = "GUI Engine", "bin\Rendering\_Libraries\GUI Engine\GUI Engine.vcxproj", "{3111610E-5FD4-4484-9DFC-DCD2B5F8E9DE}"
EndProject
Project("{8BC9CEB8-8B4A-11D0-8D11-00A0C91BC942}") = "Optimizer Engine", "bin\Rendering\_Libraries\Optimizer Engine\Optimizer Engine.vcxproj", "{5C285E93-531F-449A-ADC4-458BA5A64A88}"
EndProject
Project("{8BC9CEB8-8B4A-11D0-8D11-00A0C91BC942}") = "Scene Graph", "bin\Rendering\_Libraries\Scene Graph\Scene Graph.vcxproj", "{816198DE-54B1-4078-81D3-9B8FE4871A29}"
EndProject
Project("{8BC9CEB8-8B4A-11D0-8D11-00A0C91BC942}") = "Shader Engine", "bin\Rendering\_Libraries\Shader Engine\Shader Engine.vcxproj", "{EF9F1195-8B9C-47F9-BA73-A92150C5C7E7}"
EndProject
Project("{8BC9CEB8-8B4A-11D0-8D11-00A0C91BC942}") = "Viewport Engine", "bin\Rendering\_Libraries\Viewport Engine\Viewport Engine.vcxproj", "{12E37BCF-D0F2-4BCA-B892-8D1AED47162B}"
EndProject
Project("{8BC9CEB8-8B4A-11D0-8D11-00A0C91BC942}") = "Rendering Engine", "bin\Rendering\Rendering Engine\Rendering Engine.vcxproj", "{4751D855-7314-4D92-965E-B8BB389A71BC}"
EndProject
Project("{2150E333-8FDC-42A3-9474-1A3956D46DE8}") = "Utility", "Utility", "{8A37695A-2DB1-41B5-B880-82C188169F56}"
EndProject
Project("{2150E333-8FDC-42A3-9474-1A3956D46DE8}") = "Dlls", "Dlls", "{4A3BA2B9-3954-43C0-B50B-0FB12303A74B}"
EndProject
Project("{8BC9CEB8-8B4A-11D0-8D11-00A0C91BC942}") = "File Engine", "bin\Utility\_Libraries\File Engine\File Engine.vcxproj", "{37CB2892-CF43-4E4C-B13F-F6452220EAD4}"
EndProject
Project("{8BC9CEB8-8B4A-11D0-8D11-00A0C91BC942}") = "Network Engine", "bin\Utility\_Libraries\Network Engine\Network Engine.vcxproj", "{EFA645CA-8538-48C8-A624-A25ABE16C047}"
EndProject
Project("{8BC9CEB8-8B4A-11D0-8D11-00A0C91BC942}") = "Platform Detector", "bin\Utility\_Libraries\Platform Detector\Platform Detector.vcxproj", "{51937577-2A0D-4F52-A8CD-47055A0D5EA4}"
EndProject
Project("{8BC9CEB8-8B4A-11D0-8D11-00A0C91BC942}") = "Time Engine", "bin\Utility\_Libraries\Time Engine\Time Engine.vcxproj", "{3D6C5A5D-DE6D-4674-9CA6-D5F6A43C5299}"
EndProject
Project("{8BC9CEB8-8B4A-11D0-8D11-00A0C91BC942}") = "Tools Engine", "bin\Utility\_Libraries\Tools Engine\Tools Engine.vcxproj", "{E7CBCF15-10E3-4D4B-8F49-C32CDA8A8848}"
EndProject
Project("{8BC9CEB8-8B4A-11D0-8D11-00A0C91BC942}") = "Threading Engine", "bin\Utility\_Libraries\Threading Engine\Threading Engine.vcxproj", "{161AD3C8-D5D6-4DD0-A809-4B1A0E579504}"
EndProject
Project("{8BC9CEB8-8B4A-11D0-8D11-00A0C91BC942}") = "Utility Manager", "bin\Utility\Utility Manager\Utility Manager.vcxproj", "{6AC5E9DE-5834-4210-A95D-9DBFD5573D67}"
EndProject
Global
	GlobalSection(SolutionConfigurationPlatforms) = preSolution
		Debug|x64 = Debug|x64
		Debug|x86 = Debug|x86
		Release|x64 = Release|x64
		Release|x86 = Release|x86
	EndGlobalSection
	GlobalSection(ProjectConfigurationPlatforms) = postSolution
		{B7F7AD1B-0664-43C5-9C4B-9B1EA9F4F738}.Debug|x64.ActiveCfg = Debug|x64
		{B7F7AD1B-0664-43C5-9C4B-9B1EA9F4F738}.Debug|x64.Build.0 = Debug|x64
		{B7F7AD1B-0664-43C5-9C4B-9B1EA9F4F738}.Debug|x86.ActiveCfg = Debug|Win32
		{B7F7AD1B-0664-43C5-9C4B-9B1EA9F4F738}.Debug|x86.Build.0 = Debug|Win32
		{B7F7AD1B-0664-43C5-9C4B-9B1EA9F4F738}.Release|x64.ActiveCfg = Release|x64
		{B7F7AD1B-0664-43C5-9C4B-9B1EA9F4F738}.Release|x64.Build.0 = Release|x64
		{B7F7AD1B-0664-43C5-9C4B-9B1EA9F4F738}.Release|x86.ActiveCfg = Release|Win32
		{B7F7AD1B-0664-43C5-9C4B-9B1EA9F4F738}.Release|x86.Build.0 = Release|Win32
		{7A09A4D4-0F25-45B8-A156-713CB2B38027}.Debug|x64.ActiveCfg = Debug|x64
		{7A09A4D4-0F25-45B8-A156-713CB2B38027}.Debug|x64.Build.0 = Debug|x64
		{7A09A4D4-0F25-45B8-A156-713CB2B38027}.Debug|x86.ActiveCfg = Debug|Win32
		{7A09A4D4-0F25-45B8-A156-713CB2B38027}.Debug|x86.Build.0 = Debug|Win32
		{7A09A4D4-0F25-45B8-A156-713CB2B38027}.Release|x64.ActiveCfg = Release|x64
		{7A09A4D4-0F25-45B8-A156-713CB2B38027}.Release|x64.Build.0 = Release|x64
		{7A09A4D4-0F25-45B8-A156-713CB2B38027}.Release|x86.ActiveCfg = Release|Win32
		{7A09A4D4-0F25-45B8-A156-713CB2B38027}.Release|x86.Build.0 = Release|Win32
		{EB4E98BA-8472-442E-BA35-82F5B71CE14C}.Debug|x64.ActiveCfg = Debug|x64
		{EB4E98BA-8472-442E-BA35-82F5B71CE14C}.Debug|x64.Build.0 = Debug|x64
		{EB4E98BA-8472-442E-BA35-82F5B71CE14C}.Debug|x86.ActiveCfg = Debug|Win32
		{EB4E98BA-8472-442E-BA35-82F5B71CE14C}.Debug|x86.Build.0 = Debug|Win32
		{EB4E98BA-8472-442E-BA35-82F5B71CE14C}.Release|x64.ActiveCfg = Release|x64
		{EB4E98BA-8472-442E-BA35-82F5B71CE14C}.Release|x64.Build.0 = Release|x64
		{EB4E98BA-8472-442E-BA35-82F5B71CE14C}.Release|x86.ActiveCfg = Release|Win32
		{EB4E98BA-8472-442E-BA35-82F5B71CE14C}.Release|x86.Build.0 = Release|Win32
		{831F88FD-F10A-45D2-AA16-976103A2885A}.Debug|x64.ActiveCfg = Debug|x64
		{831F88FD-F10A-45D2-AA16-976103A2885A}.Debug|x64.Build.0 = Debug|x64
		{831F88FD-F10A-45D2-AA16-976103A2885A}.Debug|x86.ActiveCfg = Debug|Win32
		{831F88FD-F10A-45D2-AA16-976103A2885A}.Debug|x86.Build.0 = Debug|Win32
		{831F88FD-F10A-45D2-AA16-976103A2885A}.Release|x64.ActiveCfg = Release|x64
		{831F88FD-F10A-45D2-AA16-976103A2885A}.Release|x64.Build.0 = Release|x64
		{831F88FD-F10A-45D2-AA16-976103A2885A}.Release|x86.ActiveCfg = Release|Win32
		{831F88FD-F10A-45D2-AA16-976103A2885A}.Release|x86.Build.0 = Release|Win32
		{A3EFD830-4F66-425B-B79F-C986767E6183}.Debug|x64.ActiveCfg = Debug|x64
		{A3EFD830-4F66-425B-B79F-C986767E6183}.Debug|x64.Build.0 = Debug|x64
		{A3EFD830-4F66-425B-B79F-C986767E6183}.Debug|x86.ActiveCfg = Debug|Win32
		{A3EFD830-4F66-425B-B79F-C986767E6183}.Debug|x86.Build.0 = Debug|Win32
		{A3EFD830-4F66-425B-B79F-C986767E6183}.Release|x64.ActiveCfg = Release|x64
		{A3EFD830-4F66-425B-B79F-C986767E6183}.Release|x64.Build.0 = Release|x64
		{A3EFD830-4F66-425B-B79F-C986767E6183}.Release|x86.ActiveCfg = Release|Win32
		{A3EFD830-4F66-425B-B79F-C986767E6183}.Release|x86.Build.0 = Release|Win32
		{AC381F93-FF37-4554-B33B-E5FEEA6982D2}.Debug|x64.ActiveCfg = Debug|x64
		{AC381F93-FF37-4554-B33B-E5FEEA6982D2}.Debug|x64.Build.0 = Debug|x64
		{AC381F93-FF37-4554-B33B-E5FEEA6982D2}.Debug|x86.ActiveCfg = Debug|Win32
		{AC381F93-FF37-4554-B33B-E5FEEA6982D2}.Debug|x86.Build.0 = Debug|Win32
		{AC381F93-FF37-4554-B33B-E5FEEA6982D2}.Release|x64.ActiveCfg = Release|x64
		{AC381F93-FF37-4554-B33B-E5FEEA6982D2}.Release|x64.Build.0 = Release|x64
		{AC381F93-FF37-4554-B33B-E5FEEA6982D2}.Release|x86.ActiveCfg = Release|Win32
		{AC381F93-FF37-4554-B33B-E5FEEA6982D2}.Release|x86.Build.0 = Release|Win32
		{BA7B8984-DFE2-40CD-BAB4-8308EA548697}.Debug|x64.ActiveCfg = Debug|x64
		{BA7B8984-DFE2-40CD-BAB4-8308EA548697}.Debug|x64.Build.0 = Debug|x64
		{BA7B8984-DFE2-40CD-BAB4-8308EA548697}.Debug|x86.ActiveCfg = Debug|Win32
		{BA7B8984-DFE2-40CD-BAB4-8308EA548697}.Debug|x86.Build.0 = Debug|Win32
		{BA7B8984-DFE2-40CD-BAB4-8308EA548697}.Release|x64.ActiveCfg = Release|x64
		{BA7B8984-DFE2-40CD-BAB4-8308EA548697}.Release|x64.Build.0 = Release|x64
		{BA7B8984-DFE2-40CD-BAB4-8308EA548697}.Release|x86.ActiveCfg = Release|Win32
		{BA7B8984-DFE2-40CD-BAB4-8308EA548697}.Release|x86.Build.0 = Release|Win32
		{7E87E56E-370C-48DF-9F29-EE386DB2B9A1}.Debug|x64.ActiveCfg = Debug|x64
		{7E87E56E-370C-48DF-9F29-EE386DB2B9A1}.Debug|x64.Build.0 = Debug|x64
		{7E87E56E-370C-48DF-9F29-EE386DB2B9A1}.Debug|x86.ActiveCfg = Debug|Win32
		{7E87E56E-370C-48DF-9F29-EE386DB2B9A1}.Debug|x86.Build.0 = Debug|Win32
		{7E87E56E-370C-48DF-9F29-EE386DB2B9A1}.Release|x64.ActiveCfg = Release|x64
		{7E87E56E-370C-48DF-9F29-EE386DB2B9A1}.Release|x64.Build.0 = Release|x64
		{7E87E56E-370C-48DF-9F29-EE386DB2B9A1}.Release|x86.ActiveCfg = Release|Win32
		{7E87E56E-370C-48DF-9F29-EE386DB2B9A1}.Release|x86.Build.0 = Release|Win32
		{E83BDCFF-C117-4E30-8B0D-B4A97C14C866}.Debug|x64.ActiveCfg = Debug|x64
		{E83BDCFF-C117-4E30-8B0D-B4A97C14C866}.Debug|x64.Build.0 = Debug|x64
		{E83BDCFF-C117-4E30-8B0D-B4A97C14C866}.Debug|x86.ActiveCfg = Debug|Win32
		{E83BDCFF-C117-4E30-8B0D-B4A97C14C866}.Debug|x86.Build.0 = Debug|Win32
		{E83BDCFF-C117-4E30-8B0D-B4A97C14C866}.Release|x64.ActiveCfg = Release|x64
		{E83BDCFF-C117-4E30-8B0D-B4A97C14C866}.Release|x64.Build.0 = Release|x64
		{E83BDCFF-C117-4E30-8B0D-B4A97C14C866}.Release|x86.ActiveCfg = Release|Win32
		{E83BDCFF-C117-4E30-8B0D-B4A97C14C866}.Release|x86.Build.0 = Release|Win32
		{0268D310-65EF-4068-A78B-63CB63059183}.Debug|x64.ActiveCfg = Debug|x64
		{0268D310-65EF-4068-A78B-63CB63059183}.Debug|x64.Build.0 = Debug|x64
		{0268D310-65EF-4068-A78B-63CB63059183}.Debug|x86.ActiveCfg = Debug|Win32
		{0268D310-65EF-4068-A78B-63CB63059183}.Debug|x86.Build.0 = Debug|Win32
		{0268D310-65EF-4068-A78B-63CB63059183}.Release|x64.ActiveCfg = Release|x64
		{0268D310-65EF-4068-A78B-63CB63059183}.Release|x64.Build.0 = Release|x64
		{0268D310-65EF-4068-A78B-63CB63059183}.Release|x86.ActiveCfg = Release|Win32
		{0268D310-65EF-4068-A78B-63CB63059183}.Release|x86.Build.0 = Release|Win32
		{A3433E17-811D-4ED3-BFED-29CF26D39302}.Debug|x64.ActiveCfg = Debug|x64
		{A3433E17-811D-4ED3-BFED-29CF26D39302}.Debug|x64.Build.0 = Debug|x64
		{A3433E17-811D-4ED3-BFED-29CF26D39302}.Debug|x86.ActiveCfg = Debug|Win32
		{A3433E17-811D-4ED3-BFED-29CF26D39302}.Debug|x86.Build.0 = Debug|Win32
		{A3433E17-811D-4ED3-BFED-29CF26D39302}.Release|x64.ActiveCfg = Release|x64
		{A3433E17-811D-4ED3-BFED-29CF26D39302}.Release|x64.Build.0 = Release|x64
		{A3433E17-811D-4ED3-BFED-29CF26D39302}.Release|x86.ActiveCfg = Release|Win32
		{A3433E17-811D-4ED3-BFED-29CF26D39302}.Release|x86.Build.0 = Release|Win32
		{8A301996-42B1-4256-A499-A7517722F9D0}.Debug|x64.ActiveCfg = Debug|x64
		{8A301996-42B1-4256-A499-A7517722F9D0}.Debug|x64.Build.0 = Debug|x64
		{8A301996-42B1-4256-A499-A7517722F9D0}.Debug|x86.ActiveCfg = Debug|Win32
		{8A301996-42B1-4256-A499-A7517722F9D0}.Debug|x86.Build.0 = Debug|Win32
		{8A301996-42B1-4256-A499-A7517722F9D0}.Release|x64.ActiveCfg = Release|x64
		{8A301996-42B1-4256-A499-A7517722F9D0}.Release|x64.Build.0 = Release|x64
		{8A301996-42B1-4256-A499-A7517722F9D0}.Release|x86.ActiveCfg = Release|Win32
		{8A301996-42B1-4256-A499-A7517722F9D0}.Release|x86.Build.0 = Release|Win32
		{F26EEB28-8169-42D5-8F0F-FEA8360C64E7}.Debug|x64.ActiveCfg = Debug|x64
		{F26EEB28-8169-42D5-8F0F-FEA8360C64E7}.Debug|x64.Build.0 = Debug|x64
		{F26EEB28-8169-42D5-8F0F-FEA8360C64E7}.Debug|x86.ActiveCfg = Debug|Win32
		{F26EEB28-8169-42D5-8F0F-FEA8360C64E7}.Debug|x86.Build.0 = Debug|Win32
		{F26EEB28-8169-42D5-8F0F-FEA8360C64E7}.Release|x64.ActiveCfg = Release|x64
		{F26EEB28-8169-42D5-8F0F-FEA8360C64E7}.Release|x64.Build.0 = Release|x64
		{F26EEB28-8169-42D5-8F0F-FEA8360C64E7}.Release|x86.ActiveCfg = Release|Win32
		{F26EEB28-8169-42D5-8F0F-FEA8360C64E7}.Release|x86.Build.0 = Release|Win32
		{D8DBC412-9E99-4547-8D24-86A7960EBE96}.Debug|x64.ActiveCfg = Debug|x64
		{D8DBC412-9E99-4547-8D24-86A7960EBE96}.Debug|x64.Build.0 = Debug|x64
		{D8DBC412-9E99-4547-8D24-86A7960EBE96}.Debug|x86.ActiveCfg = Debug|Win32
		{D8DBC412-9E99-4547-8D24-86A7960EBE96}.Debug|x86.Build.0 = Debug|Win32
		{D8DBC412-9E99-4547-8D24-86A7960EBE96}.Release|x64.ActiveCfg = Release|x64
		{D8DBC412-9E99-4547-8D24-86A7960EBE96}.Release|x64.Build.0 = Release|x64
		{D8DBC412-9E99-4547-8D24-86A7960EBE96}.Release|x86.ActiveCfg = Release|Win32
		{D8DBC412-9E99-4547-8D24-86A7960EBE96}.Release|x86.Build.0 = Release|Win32
		{01466EA5-9190-460D-AA6F-0037BA56F704}.Debug|x64.ActiveCfg = Debug|x64
		{01466EA5-9190-460D-AA6F-0037BA56F704}.Debug|x64.Build.0 = Debug|x64
		{01466EA5-9190-460D-AA6F-0037BA56F704}.Debug|x86.ActiveCfg = Debug|Win32
		{01466EA5-9190-460D-AA6F-0037BA56F704}.Debug|x86.Build.0 = Debug|Win32
		{01466EA5-9190-460D-AA6F-0037BA56F704}.Release|x64.ActiveCfg = Release|x64
		{01466EA5-9190-460D-AA6F-0037BA56F704}.Release|x64.Build.0 = Release|x64
		{01466EA5-9190-460D-AA6F-0037BA56F704}.Release|x86.ActiveCfg = Release|Win32
		{01466EA5-9190-460D-AA6F-0037BA56F704}.Release|x86.Build.0 = Release|Win32
		{7A9A105A-A0A4-4389-9B87-4080D732B376}.Debug|x64.ActiveCfg = Debug|x64
		{7A9A105A-A0A4-4389-9B87-4080D732B376}.Debug|x64.Build.0 = Debug|x64
		{7A9A105A-A0A4-4389-9B87-4080D732B376}.Debug|x86.ActiveCfg = Debug|Win32
		{7A9A105A-A0A4-4389-9B87-4080D732B376}.Debug|x86.Build.0 = Debug|Win32
		{7A9A105A-A0A4-4389-9B87-4080D732B376}.Release|x64.ActiveCfg = Release|x64
		{7A9A105A-A0A4-4389-9B87-4080D732B376}.Release|x64.Build.0 = Release|x64
		{7A9A105A-A0A4-4389-9B87-4080D732B376}.Release|x86.ActiveCfg = Release|Win32
		{7A9A105A-A0A4-4389-9B87-4080D732B376}.Release|x86.Build.0 = Release|Win32
		{69EA1A45-7A99-454F-9C5C-BF13ED9F6602}.Debug|x64.ActiveCfg = Debug|x64
		{69EA1A45-7A99-454F-9C5C-BF13ED9F6602}.Debug|x64.Build.0 = Debug|x64
		{69EA1A45-7A99-454F-9C5C-BF13ED9F6602}.Debug|x86.ActiveCfg = Debug|Win32
		{69EA1A45-7A99-454F-9C5C-BF13ED9F6602}.Debug|x86.Build.0 = Debug|Win32
		{69EA1A45-7A99-454F-9C5C-BF13ED9F6602}.Release|x64.ActiveCfg = Release|x64
		{69EA1A45-7A99-454F-9C5C-BF13ED9F6602}.Release|x64.Build.0 = Release|x64
		{69EA1A45-7A99-454F-9C5C-BF13ED9F6602}.Release|x86.ActiveCfg = Release|Win32
		{69EA1A45-7A99-454F-9C5C-BF13ED9F6602}.Release|x86.Build.0 = Release|Win32
		{2E02F704-C43F-4005-BBB4-C47C565B4FBC}.Debug|x64.ActiveCfg = Debug|x64
		{2E02F704-C43F-4005-BBB4-C47C565B4FBC}.Debug|x64.Build.0 = Debug|x64
		{2E02F704-C43F-4005-BBB4-C47C565B4FBC}.Debug|x86.ActiveCfg = Debug|Win32
		{2E02F704-C43F-4005-BBB4-C47C565B4FBC}.Debug|x86.Build.0 = Debug|Win32
		{2E02F704-C43F-4005-BBB4-C47C565B4FBC}.Release|x64.ActiveCfg = Release|x64
		{2E02F704-C43F-4005-BBB4-C47C565B4FBC}.Release|x64.Build.0 = Release|x64
		{2E02F704-C43F-4005-BBB4-C47C565B4FBC}.Release|x86.ActiveCfg = Release|Win32
		{2E02F704-C43F-4005-BBB4-C47C565B4FBC}.Release|x86.Build.0 = Release|Win32
		{452B10C7-A88A-4C11-B5AC-640F2B127D33}.Debug|x64.ActiveCfg = Debug|x64
		{452B10C7-A88A-4C11-B5AC-640F2B127D33}.Debug|x64.Build.0 = Debug|x64
		{452B10C7-A88A-4C11-B5AC-640F2B127D33}.Debug|x86.ActiveCfg = Debug|Win32
		{452B10C7-A88A-4C11-B5AC-640F2B127D33}.Debug|x86.Build.0 = Debug|Win32
		{452B10C7-A88A-4C11-B5AC-640F2B127D33}.Release|x64.ActiveCfg = Release|x64
		{452B10C7-A88A-4C11-B5AC-640F2B127D33}.Release|x64.Build.0 = Release|x64
		{452B10C7-A88A-4C11-B5AC-640F2B127D33}.Release|x86.ActiveCfg = Release|Win32
		{452B10C7-A88A-4C11-B5AC-640F2B127D33}.Release|x86.Build.0 = Release|Win32
		{B11AE811-25C2-4A37-9D37-75F7476A5992}.Debug|x64.ActiveCfg = Debug|x64
		{B11AE811-25C2-4A37-9D37-75F7476A5992}.Debug|x64.Build.0 = Debug|x64
		{B11AE811-25C2-4A37-9D37-75F7476A5992}.Debug|x86.ActiveCfg = Debug|Win32
		{B11AE811-25C2-4A37-9D37-75F7476A5992}.Debug|x86.Build.0 = Debug|Win32
		{B11AE811-25C2-4A37-9D37-75F7476A5992}.Release|x64.ActiveCfg = Release|x64
		{B11AE811-25C2-4A37-9D37-75F7476A5992}.Release|x64.Build.0 = Release|x64
		{B11AE811-25C2-4A37-9D37-75F7476A5992}.Release|x86.ActiveCfg = Release|Win32
		{B11AE811-25C2-4A37-9D37-75F7476A5992}.Release|x86.Build.0 = Release|Win32
		{D2F9233D-624D-48ED-AB6D-4DCF7F7EFFDE}.Debug|x64.ActiveCfg = Debug|x64
		{D2F9233D-624D-48ED-AB6D-4DCF7F7EFFDE}.Debug|x64.Build.0 = Debug|x64
		{D2F9233D-624D-48ED-AB6D-4DCF7F7EFFDE}.Debug|x86.ActiveCfg = Debug|Win32
		{D2F9233D-624D-48ED-AB6D-4DCF7F7EFFDE}.Debug|x86.Build.0 = Debug|Win32
		{D2F9233D-624D-48ED-AB6D-4DCF7F7EFFDE}.Release|x64.ActiveCfg = Release|x64
		{D2F9233D-624D-48ED-AB6D-4DCF7F7EFFDE}.Release|x64.Build.0 = Release|x64
		{D2F9233D-624D-48ED-AB6D-4DCF7F7EFFDE}.Release|x86.ActiveCfg = Release|Win32
		{D2F9233D-624D-48ED-AB6D-4DCF7F7EFFDE}.Release|x86.Build.0 = Release|Win32
		{F8F51CC7-A588-4BD6-8553-D41F35472F8B}.Debug|x64.ActiveCfg = Debug|x64
		{F8F51CC7-A588-4BD6-8553-D41F35472F8B}.Debug|x64.Build.0 = Debug|x64
		{F8F51CC7-A588-4BD6-8553-D41F35472F8B}.Debug|x86.ActiveCfg = Debug|Win32
		{F8F51CC7-A588-4BD6-8553-D41F35472F8B}.Debug|x86.Build.0 = Debug|Win32
		{F8F51CC7-A588-4BD6-8553-D41F35472F8B}.Release|x64.ActiveCfg = Release|x64
		{F8F51CC7-A588-4BD6-8553-D41F35472F8B}.Release|x64.Build.0 = Release|x64
		{F8F51CC7-A588-4BD6-8553-D41F35472F8B}.Release|x86.ActiveCfg = Release|Win32
		{F8F51CC7-A588-4BD6-8553-D41F35472F8B}.Release|x86.Build.0 = Release|Win32
		{AA1A8BBF-F039-4191-801D-69DEF810E48C}.Debug|x64.ActiveCfg = Debug|x64
		{AA1A8BBF-F039-4191-801D-69DEF810E48C}.Debug|x64.Build.0 = Debug|x64
		{AA1A8BBF-F039-4191-801D-69DEF810E48C}.Debug|x86.ActiveCfg = Debug|Win32
		{AA1A8BBF-F039-4191-801D-69DEF810E48C}.Debug|x86.Build.0 = Debug|Win32
		{AA1A8BBF-F039-4191-801D-69DEF810E48C}.Release|x64.ActiveCfg = Release|x64
		{AA1A8BBF-F039-4191-801D-69DEF810E48C}.Release|x64.Build.0 = Release|x64
		{AA1A8BBF-F039-4191-801D-69DEF810E48C}.Release|x86.ActiveCfg = Release|Win32
		{AA1A8BBF-F039-4191-801D-69DEF810E48C}.Release|x86.Build.0 = Release|Win32
		{09165098-12A3-4B4C-9DFD-DAEEFEEC04B8}.Debug|x64.ActiveCfg = Debug|x64
		{09165098-12A3-4B4C-9DFD-DAEEFEEC04B8}.Debug|x64.Build.0 = Debug|x64
		{09165098-12A3-4B4C-9DFD-DAEEFEEC04B8}.Debug|x86.ActiveCfg = Debug|Win32
		{09165098-12A3-4B4C-9DFD-DAEEFEEC04B8}.Debug|x86.Build.0 = Debug|Win32
		{09165098-12A3-4B4C-9DFD-DAEEFEEC04B8}.Release|x64.ActiveCfg = Release|x64
		{09165098-12A3-4B4C-9DFD-DAEEFEEC04B8}.Release|x64.Build.0 = Release|x64
		{09165098-12A3-4B4C-9DFD-DAEEFEEC04B8}.Release|x86.ActiveCfg = Release|Win32
		{09165098-12A3-4B4C-9DFD-DAEEFEEC04B8}.Release|x86.Build.0 = Release|Win32
		{7A66B099-70B9-40CA-85A2-267736F08CBF}.Debug|x64.ActiveCfg = Debug|x64
		{7A66B099-70B9-40CA-85A2-267736F08CBF}.Debug|x64.Build.0 = Debug|x64
		{7A66B099-70B9-40CA-85A2-267736F08CBF}.Debug|x86.ActiveCfg = Debug|Win32
		{7A66B099-70B9-40CA-85A2-267736F08CBF}.Debug|x86.Build.0 = Debug|Win32
		{7A66B099-70B9-40CA-85A2-267736F08CBF}.Release|x64.ActiveCfg = Release|x64
		{7A66B099-70B9-40CA-85A2-267736F08CBF}.Release|x64.Build.0 = Release|x64
		{7A66B099-70B9-40CA-85A2-267736F08CBF}.Release|x86.ActiveCfg = Release|Win32
		{7A66B099-70B9-40CA-85A2-267736F08CBF}.Release|x86.Build.0 = Release|Win32
		{7FC93FBA-F473-429E-BAE6-679311A5E79C}.Debug|x64.ActiveCfg = Debug|x64
		{7FC93FBA-F473-429E-BAE6-679311A5E79C}.Debug|x64.Build.0 = Debug|x64
		{7FC93FBA-F473-429E-BAE6-679311A5E79C}.Debug|x86.ActiveCfg = Debug|Win32
		{7FC93FBA-F473-429E-BAE6-679311A5E79C}.Debug|x86.Build.0 = Debug|Win32
		{7FC93FBA-F473-429E-BAE6-679311A5E79C}.Release|x64.ActiveCfg = Release|x64
		{7FC93FBA-F473-429E-BAE6-679311A5E79C}.Release|x64.Build.0 = Release|x64
		{7FC93FBA-F473-429E-BAE6-679311A5E79C}.Release|x86.ActiveCfg = Release|Win32
		{7FC93FBA-F473-429E-BAE6-679311A5E79C}.Release|x86.Build.0 = Release|Win32
		{F0E2BB12-6D41-4988-B4ED-DA2C7CB905C4}.Debug|x64.ActiveCfg = Debug|x64
		{F0E2BB12-6D41-4988-B4ED-DA2C7CB905C4}.Debug|x64.Build.0 = Debug|x64
		{F0E2BB12-6D41-4988-B4ED-DA2C7CB905C4}.Debug|x86.ActiveCfg = Debug|Win32
		{F0E2BB12-6D41-4988-B4ED-DA2C7CB905C4}.Debug|x86.Build.0 = Debug|Win32
		{F0E2BB12-6D41-4988-B4ED-DA2C7CB905C4}.Release|x64.ActiveCfg = Release|x64
		{F0E2BB12-6D41-4988-B4ED-DA2C7CB905C4}.Release|x64.Build.0 = Release|x64
		{F0E2BB12-6D41-4988-B4ED-DA2C7CB905C4}.Release|x86.ActiveCfg = Release|Win32
		{F0E2BB12-6D41-4988-B4ED-DA2C7CB905C4}.Release|x86.Build.0 = Release|Win32
		{BE508C16-A462-481B-B8E3-65FC04A21C1B}.Debug|x64.ActiveCfg = Debug|x64
		{BE508C16-A462-481B-B8E3-65FC04A21C1B}.Debug|x64.Build.0 = Debug|x64
		{BE508C16-A462-481B-B8E3-65FC04A21C1B}.Debug|x86.ActiveCfg = Debug|Win32
		{BE508C16-A462-481B-B8E3-65FC04A21C1B}.Debug|x86.Build.0 = Debug|Win32
		{BE508C16-A462-481B-B8E3-65FC04A21C1B}.Release|x64.ActiveCfg = Release|x64
		{BE508C16-A462-481B-B8E3-65FC04A21C1B}.Release|x64.Build.0 = Release|x64
		{BE508C16-A462-481B-B8E3-65FC04A21C1B}.Release|x86.ActiveCfg = Release|Win32
		{BE508C16-A462-481B-B8E3-65FC04A21C1B}.Release|x86.Build.0 = Release|Win32
		{F08484A3-FAF9-4C33-A907-6A81F44C4B8A}.Debug|x64.ActiveCfg = Debug|x64
		{F08484A3-FAF9-4C33-A907-6A81F44C4B8A}.Debug|x64.Build.0 = Debug|x64
		{F08484A3-FAF9-4C33-A907-6A81F44C4B8A}.Debug|x86.ActiveCfg = Debug|Win32
		{F08484A3-FAF9-4C33-A907-6A81F44C4B8A}.Debug|x86.Build.0 = Debug|Win32
		{F08484A3-FAF9-4C33-A907-6A81F44C4B8A}.Release|x64.ActiveCfg = Release|x64
		{F08484A3-FAF9-4C33-A907-6A81F44C4B8A}.Release|x64.Build.0 = Release|x64
		{F08484A3-FAF9-4C33-A907-6A81F44C4B8A}.Release|x86.ActiveCfg = Release|Win32
		{F08484A3-FAF9-4C33-A907-6A81F44C4B8A}.Release|x86.Build.0 = Release|Win32
		{01CEAF52-ACCD-4CC3-BB37-9F15D1E6D3C2}.Debug|x64.ActiveCfg = Debug|x64
		{01CEAF52-ACCD-4CC3-BB37-9F15D1E6D3C2}.Debug|x64.Build.0 = Debug|x64
		{01CEAF52-ACCD-4CC3-BB37-9F15D1E6D3C2}.Debug|x86.ActiveCfg = Debug|Win32
		{01CEAF52-ACCD-4CC3-BB37-9F15D1E6D3C2}.Debug|x86.Build.0 = Debug|Win32
		{01CEAF52-ACCD-4CC3-BB37-9F15D1E6D3C2}.Release|x64.ActiveCfg = Release|x64
		{01CEAF52-ACCD-4CC3-BB37-9F15D1E6D3C2}.Release|x64.Build.0 = Release|x64
		{01CEAF52-ACCD-4CC3-BB37-9F15D1E6D3C2}.Release|x86.ActiveCfg = Release|Win32
		{01CEAF52-ACCD-4CC3-BB37-9F15D1E6D3C2}.Release|x86.Build.0 = Release|Win32
		{3111610E-5FD4-4484-9DFC-DCD2B5F8E9DE}.Debug|x64.ActiveCfg = Debug|x64
		{3111610E-5FD4-4484-9DFC-DCD2B5F8E9DE}.Debug|x64.Build.0 = Debug|x64
		{3111610E-5FD4-4484-9DFC-DCD2B5F8E9DE}.Debug|x86.ActiveCfg = Debug|Win32
		{3111610E-5FD4-4484-9DFC-DCD2B5F8E9DE}.Debug|x86.Build.0 = Debug|Win32
		{3111610E-5FD4-4484-9DFC-DCD2B5F8E9DE}.Release|x64.ActiveCfg = Release|x64
		{3111610E-5FD4-4484-9DFC-DCD2B5F8E9DE}.Release|x64.Build.0 = Release|x64
		{3111610E-5FD4-4484-9DFC-DCD2B5F8E9DE}.Release|x86.ActiveCfg = Release|Win32
		{3111610E-5FD4-4484-9DFC-DCD2B5F8E9DE}.Release|x86.Build.0 = Release|Win32
		{5C285E93-531F-449A-ADC4-458BA5A64A88}.Debug|x64.ActiveCfg = Debug|x64
		{5C285E93-531F-449A-ADC4-458BA5A64A88}.Debug|x64.Build.0 = Debug|x64
		{5C285E93-531F-449A-ADC4-458BA5A64A88}.Debug|x86.ActiveCfg = Debug|Win32
		{5C285E93-531F-449A-ADC4-458BA5A64A88}.Debug|x86.Build.0 = Debug|Win32
		{5C285E93-531F-449A-ADC4-458BA5A64A88}.Release|x64.ActiveCfg = Release|x64
		{5C285E93-531F-449A-ADC4-458BA5A64A88}.Release|x64.Build.0 = Release|x64
		{5C285E93-531F-449A-ADC4-458BA5A64A88}.Release|x86.ActiveCfg = Release|Win32
		{5C285E93-531F-449A-ADC4-458BA5A64A88}.Release|x86.Build.0 = Release|Win32
		{816198DE-54B1-4078-81D3-9B8FE4871A29}.Debug|x64.ActiveCfg = Debug|x64
		{816198DE-54B1-4078-81D3-9B8FE4871A29}.Debug|x64.Build.0 = Debug|x64
		{816198DE-54B1-4078-81D3-9B8FE4871A29}.Debug|x86.ActiveCfg = Debug|Win32
		{816198DE-54B1-4078-81D3-9B8FE4871A29}.Debug|x86.Build.0 = Debug|Win32
		{816198DE-54B1-4078-81D3-9B8FE4871A29}.Release|x64.ActiveCfg = Release|x64
		{816198DE-54B1-4078-81D3-9B8FE4871A29}.Release|x64.Build.0 = Release|x64
		{816198DE-54B1-4078-81D3-9B8FE4871A29}.Release|x86.ActiveCfg = Release|Win32
		{816198DE-54B1-4078-81D3-9B8FE4871A29}.Release|x86.Build.0 = Release|Win32
		{EF9F1195-8B9C-47F9-BA73-A92150C5C7E7}.Debug|x64.ActiveCfg = Debug|x64
		{EF9F1195-8B9C-47F9-BA73-A92150C5C7E7}.Debug|x64.Build.0 = Debug|x64
		{EF9F1195-8B9C-47F9-BA73-A92150C5C7E7}.Debug|x86.ActiveCfg = Debug|Win32
		{EF9F1195-8B9C-47F9-BA73-A92150C5C7E7}.Debug|x86.Build.0 = Debug|Win32
		{EF9F1195-8B9C-47F9-BA73-A92150C5C7E7}.Release|x64.ActiveCfg = Release|x64
		{EF9F1195-8B9C-47F9-BA73-A92150C5C7E7}.Release|x64.Build.0 = Release|x64
		{EF9F1195-8B9C-47F9-BA73-A92150C5C7E7}.Release|x86.ActiveCfg = Release|Win32
		{EF9F1195-8B9C-47F9-BA73-A92150C5C7E7}.Release|x86.Build.0 = Release|Win32
		{12E37BCF-D0F2-4BCA-B892-8D1AED47162B}.Debug|x64.ActiveCfg = Debug|x64
		{12E37BCF-D0F2-4BCA-B892-8D1AED47162B}.Debug|x64.Build.0 = Debug|x64
		{12E37BCF-D0F2-4BCA-B892-8D1AED47162B}.Debug|x86.ActiveCfg = Debug|Win32
		{12E37BCF-D0F2-4BCA-B892-8D1AED47162B}.Debug|x86.Build.0 = Debug|Win32
		{12E37BCF-D0F2-4BCA-B892-8D1AED47162B}.Release|x64.ActiveCfg = Release|x64
		{12E37BCF-D0F2-4BCA-B892-8D1AED47162B}.Release|x64.Build.0 = Release|x64
		{12E37BCF-D0F2-4BCA-B892-8D1AED47162B}.Release|x86.ActiveCfg = Release|Win32
		{12E37BCF-D0F2-4BCA-B892-8D1AED47162B}.Release|x86.Build.0 = Release|Win32
		{4751D855-7314-4D92-965E-B8BB389A71BC}.Debug|x64.ActiveCfg = Debug|x64
		{4751D855-7314-4D92-965E-B8BB389A71BC}.Debug|x64.Build.0 = Debug|x64
		{4751D855-7314-4D92-965E-B8BB389A71BC}.Debug|x86.ActiveCfg = Debug|Win32
		{4751D855-7314-4D92-965E-B8BB389A71BC}.Debug|x86.Build.0 = Debug|Win32
		{4751D855-7314-4D92-965E-B8BB389A71BC}.Release|x64.ActiveCfg = Release|x64
		{4751D855-7314-4D92-965E-B8BB389A71BC}.Release|x64.Build.0 = Release|x64
		{4751D855-7314-4D92-965E-B8BB389A71BC}.Release|x86.ActiveCfg = Release|Win32
		{4751D855-7314-4D92-965E-B8BB389A71BC}.Release|x86.Build.0 = Release|Win32
		{37CB2892-CF43-4E4C-B13F-F6452220EAD4}.Debug|x64.ActiveCfg = Debug|x64
		{37CB2892-CF43-4E4C-B13F-F6452220EAD4}.Debug|x64.Build.0 = Debug|x64
		{37CB2892-CF43-4E4C-B13F-F6452220EAD4}.Debug|x86.ActiveCfg = Debug|Win32
		{37CB2892-CF43-4E4C-B13F-F6452220EAD4}.Debug|x86.Build.0 = Debug|Win32
		{37CB2892-CF43-4E4C-B13F-F6452220EAD4}.Release|x64.ActiveCfg = Release|x64
		{37CB2892-CF43-4E4C-B13F-F6452220EAD4}.Release|x64.Build.0 = Release|x64
		{37CB2892-CF43-4E4C-B13F-F6452220EAD4}.Release|x86.ActiveCfg = Release|Win32
		{37CB2892-CF43-4E4C-B13F-F6452220EAD4}.Release|x86.Build.0 = Release|Win32
		{EFA645CA-8538-48C8-A624-A25ABE16C047}.Debug|x64.ActiveCfg = Debug|x64
		{EFA645CA-8538-48C8-A624-A25ABE16C047}.Debug|x64.Build.0 = Debug|x64
		{EFA645CA-8538-48C8-A624-A25ABE16C047}.Debug|x86.ActiveCfg = Debug|Win32
		{EFA645CA-8538-48C8-A624-A25ABE16C047}.Debug|x86.Build.0 = Debug|Win32
		{EFA645CA-8538-48C8-A624-A25ABE16C047}.Release|x64.ActiveCfg = Release|x64
		{EFA645CA-8538-48C8-A624-A25ABE16C047}.Release|x64.Build.0 = Release|x64
		{EFA645CA-8538-48C8-A624-A25ABE16C047}.Release|x86.ActiveCfg = Release|Win32
		{EFA645CA-8538-48C8-A624-A25ABE16C047}.Release|x86.Build.0 = Release|Win32
		{51937577-2A0D-4F52-A8CD-47055A0D5EA4}.Debug|x64.ActiveCfg = Debug|x64
		{51937577-2A0D-4F52-A8CD-47055A0D5EA4}.Debug|x64.Build.0 = Debug|x64
		{51937577-2A0D-4F52-A8CD-47055A0D5EA4}.Debug|x86.ActiveCfg = Debug|Win32
		{51937577-2A0D-4F52-A8CD-47055A0D5EA4}.Debug|x86.Build.0 = Debug|Win32
		{51937577-2A0D-4F52-A8CD-47055A0D5EA4}.Release|x64.ActiveCfg = Release|x64
		{51937577-2A0D-4F52-A8CD-47055A0D5EA4}.Release|x64.Build.0 = Release|x64
		{51937577-2A0D-4F52-A8CD-47055A0D5EA4}.Release|x86.ActiveCfg = Release|Win32
		{51937577-2A0D-4F52-A8CD-47055A0D5EA4}.Release|x86.Build.0 = Release|Win32
		{3D6C5A5D-DE6D-4674-9CA6-D5F6A43C5299}.Debug|x64.ActiveCfg = Debug|x64
		{3D6C5A5D-DE6D-4674-9CA6-D5F6A43C5299}.Debug|x64.Build.0 = Debug|x64
		{3D6C5A5D-DE6D-4674-9CA6-D5F6A43C5299}.Debug|x86.ActiveCfg = Debug|Win32
		{3D6C5A5D-DE6D-4674-9CA6-D5F6A43C5299}.Debug|x86.Build.0 = Debug|Win32
		{3D6C5A5D-DE6D-4674-9CA6-D5F6A43C5299}.Release|x64.ActiveCfg = Release|x64
		{3D6C5A5D-DE6D-4674-9CA6-D5F6A43C5299}.Release|x64.Build.0 = Release|x64
		{3D6C5A5D-DE6D-4674-9CA6-D5F6A43C5299}.Release|x86.ActiveCfg = Release|Win32
		{3D6C5A5D-DE6D-4674-9CA6-D5F6A43C5299}.Release|x86.Build.0 = Release|Win32
		{E7CBCF15-10E3-4D4B-8F49-C32CDA8A8848}.Debug|x64.ActiveCfg = Debug|x64
		{E7CBCF15-10E3-4D4B-8F49-C32CDA8A8848}.Debug|x64.Build.0 = Debug|x64
		{E7CBCF15-10E3-4D4B-8F49-C32CDA8A8848}.Debug|x86.ActiveCfg = Debug|Win32
		{E7CBCF15-10E3-4D4B-8F49-C32CDA8A8848}.Debug|x86.Build.0 = Debug|Win32
		{E7CBCF15-10E3-4D4B-8F49-C32CDA8A8848}.Release|x64.ActiveCfg = Release|x64
		{E7CBCF15-10E3-4D4B-8F49-C32CDA8A8848}.Release|x64.Build.0 = Release|x64
		{E7CBCF15-10E3-4D4B-8F49-C32CDA8A8848}.Release|x86.ActiveCfg = Release|Win32
		{E7CBCF15-10E3-4D4B-8F49-C32CDA8A8848}.Release|x86.Build.0 = Release|Win32
		{161AD3C8-D5D6-4DD0-A809-4B1A0E579504}.Debug|x64.ActiveCfg = Debug|x64
		{161AD3C8-D5D6-4DD0-A809-4B1A0E579504}.Debug|x64.Build.0 = Debug|x64
		{161AD3C8-D5D6-4DD0-A809-4B1A0E579504}.Debug|x86.ActiveCfg = Debug|Win32
		{161AD3C8-D5D6-4DD0-A809-4B1A0E579504}.Debug|x86.Build.0 = Debug|Win32
		{161AD3C8-D5D6-4DD0-A809-4B1A0E579504}.Release|x64.ActiveCfg = Release|x64
		{161AD3C8-D5D6-4DD0-A809-4B1A0E579504}.Release|x64.Build.0 = Release|x64
		{161AD3C8-D5D6-4DD0-A809-4B1A0E579504}.Release|x86.ActiveCfg = Release|Win32
		{161AD3C8-D5D6-4DD0-A809-4B1A0E579504}.Release|x86.Build.0 = Release|Win32
		{6AC5E9DE-5834-4210-A95D-9DBFD5573D67}.Debug|x64.ActiveCfg = Debug|x64
		{6AC5E9DE-5834-4210-A95D-9DBFD5573D67}.Debug|x64.Build.0 = Debug|x64
		{6AC5E9DE-5834-4210-A95D-9DBFD5573D67}.Debug|x86.ActiveCfg = Debug|Win32
		{6AC5E9DE-5834-4210-A95D-9DBFD5573D67}.Debug|x86.Build.0 = Debug|Win32
		{6AC5E9DE-5834-4210-A95D-9DBFD5573D67}.Release|x64.ActiveCfg = Release|x64
		{6AC5E9DE-5834-4210-A95D-9DBFD5573D67}.Release|x64.Build.0 = Release|x64
		{6AC5E9DE-5834-4210-A95D-9DBFD5573D67}.Release|x86.ActiveCfg = Release|Win32
		{6AC5E9DE-5834-4210-A95D-9DBFD5573D67}.Release|x86.Build.0 = Release|Win32
	EndGlobalSection
	GlobalSection(SolutionProperties) = preSolution
		HideSolutionNode = FALSE
	EndGlobalSection
	GlobalSection(NestedProjects) = preSolution
		{B7F7AD1B-0664-43C5-9C4B-9B1EA9F4F738} = {35FE9FD5-CE2F-46A4-9445-CF76AF05C5BF}
		{7A09A4D4-0F25-45B8-A156-713CB2B38027} = {2291797B-A2A1-4481-BD70-9E76BC732204}
		{257B1A19-3217-49A3-B802-28263FFB30C3} = {C932FAAC-35D3-424B-B39B-7DD92A9B47BF}
		{6A05679A-21D3-4182-A752-48996C51CAAF} = {257B1A19-3217-49A3-B802-28263FFB30C3}
		{EB4E98BA-8472-442E-BA35-82F5B71CE14C} = {6A05679A-21D3-4182-A752-48996C51CAAF}
		{831F88FD-F10A-45D2-AA16-976103A2885A} = {6A05679A-21D3-4182-A752-48996C51CAAF}
		{A3EFD830-4F66-425B-B79F-C986767E6183} = {6A05679A-21D3-4182-A752-48996C51CAAF}
		{AC381F93-FF37-4554-B33B-E5FEEA6982D2} = {257B1A19-3217-49A3-B802-28263FFB30C3}
		{971AFDF8-A5F1-4999-90C3-57E988813945} = {C932FAAC-35D3-424B-B39B-7DD92A9B47BF}
		{9EF5A52C-9FE0-466A-8AA6-2C3840168BF7} = {971AFDF8-A5F1-4999-90C3-57E988813945}
		{A84D44D5-9BF6-4CE5-90CB-0764D55F9ACF} = {9EF5A52C-9FE0-466A-8AA6-2C3840168BF7}
		{75B0225A-02F2-4E2A-AF70-B4DF45F242D1} = {A84D44D5-9BF6-4CE5-90CB-0764D55F9ACF}
		{BA7B8984-DFE2-40CD-BAB4-8308EA548697} = {75B0225A-02F2-4E2A-AF70-B4DF45F242D1}
		{7E87E56E-370C-48DF-9F29-EE386DB2B9A1} = {75B0225A-02F2-4E2A-AF70-B4DF45F242D1}
		{E83BDCFF-C117-4E30-8B0D-B4A97C14C866} = {75B0225A-02F2-4E2A-AF70-B4DF45F242D1}
		{0268D310-65EF-4068-A78B-63CB63059183} = {75B0225A-02F2-4E2A-AF70-B4DF45F242D1}
		{A3433E17-811D-4ED3-BFED-29CF26D39302} = {75B0225A-02F2-4E2A-AF70-B4DF45F242D1}
		{8A301996-42B1-4256-A499-A7517722F9D0} = {A84D44D5-9BF6-4CE5-90CB-0764D55F9ACF}
		{F26EEB28-8169-42D5-8F0F-FEA8360C64E7} = {9EF5A52C-9FE0-466A-8AA6-2C3840168BF7}
		{D8DBC412-9E99-4547-8D24-86A7960EBE96} = {9EF5A52C-9FE0-466A-8AA6-2C3840168BF7}
		{01466EA5-9190-460D-AA6F-0037BA56F704} = {9EF5A52C-9FE0-466A-8AA6-2C3840168BF7}
		{E6F59A0D-606A-44F3-BD24-92AEA84DCF72} = {C932FAAC-35D3-424B-B39B-7DD92A9B47BF}
		{C3362DA9-7E69-469D-9A5A-EC18240BE513} = {E6F59A0D-606A-44F3-BD24-92AEA84DCF72}
		{956D9AD4-DA83-4F7D-90CC-CC08873A167D} = {C3362DA9-7E69-469D-9A5A-EC18240BE513}
		{32707D59-336C-44FB-9C91-01FA47A7637D} = {956D9AD4-DA83-4F7D-90CC-CC08873A167D}
		{7A9A105A-A0A4-4389-9B87-4080D732B376} = {32707D59-336C-44FB-9C91-01FA47A7637D}
		{69EA1A45-7A99-454F-9C5C-BF13ED9F6602} = {32707D59-336C-44FB-9C91-01FA47A7637D}
		{2E02F704-C43F-4005-BBB4-C47C565B4FBC} = {32707D59-336C-44FB-9C91-01FA47A7637D}
		{452B10C7-A88A-4C11-B5AC-640F2B127D33} = {971AFDF8-A5F1-4999-90C3-57E988813945}
		{B11AE811-25C2-4A37-9D37-75F7476A5992} = {956D9AD4-DA83-4F7D-90CC-CC08873A167D}
		{D2F9233D-624D-48ED-AB6D-4DCF7F7EFFDE} = {C3362DA9-7E69-469D-9A5A-EC18240BE513}
		{F8F51CC7-A588-4BD6-8553-D41F35472F8B} = {C3362DA9-7E69-469D-9A5A-EC18240BE513}
		{AA1A8BBF-F039-4191-801D-69DEF810E48C} = {C3362DA9-7E69-469D-9A5A-EC18240BE513}
		{09165098-12A3-4B4C-9DFD-DAEEFEEC04B8} = {C3362DA9-7E69-469D-9A5A-EC18240BE513}
		{7A66B099-70B9-40CA-85A2-267736F08CBF} = {C3362DA9-7E69-469D-9A5A-EC18240BE513}
		{7FC93FBA-F473-429E-BAE6-679311A5E79C} = {C3362DA9-7E69-469D-9A5A-EC18240BE513}
		{F0E2BB12-6D41-4988-B4ED-DA2C7CB905C4} = {E6F59A0D-606A-44F3-BD24-92AEA84DCF72}
		{4D14BC32-C2BB-46BC-8A0E-B72C1A1E1B7D} = {C932FAAC-35D3-424B-B39B-7DD92A9B47BF}
		{BE508C16-A462-481B-B8E3-65FC04A21C1B} = {4D14BC32-C2BB-46BC-8A0E-B72C1A1E1B7D}
		{300CACD0-B1C5-4B06-9451-C4FE49ECAB7C} = {4D14BC32-C2BB-46BC-8A0E-B72C1A1E1B7D}
		{C99F63E9-6E0F-495B-9A3D-84AD8DB04A13} = {C932FAAC-35D3-424B-B39B-7DD92A9B47BF}
		{8C8C0F2D-015A-4D21-B109-770042D147FC} = {C99F63E9-6E0F-495B-9A3D-84AD8DB04A13}
		{F08484A3-FAF9-4C33-A907-6A81F44C4B8A} = {8C8C0F2D-015A-4D21-B109-770042D147FC}
		{01CEAF52-ACCD-4CC3-BB37-9F15D1E6D3C2} = {8C8C0F2D-015A-4D21-B109-770042D147FC}
		{3111610E-5FD4-4484-9DFC-DCD2B5F8E9DE} = {8C8C0F2D-015A-4D21-B109-770042D147FC}
		{5C285E93-531F-449A-ADC4-458BA5A64A88} = {8C8C0F2D-015A-4D21-B109-770042D147FC}
		{816198DE-54B1-4078-81D3-9B8FE4871A29} = {8C8C0F2D-015A-4D21-B109-770042D147FC}
		{EF9F1195-8B9C-47F9-BA73-A92150C5C7E7} = {8C8C0F2D-015A-4D21-B109-770042D147FC}
		{12E37BCF-D0F2-4BCA-B892-8D1AED47162B} = {8C8C0F2D-015A-4D21-B109-770042D147FC}
		{4751D855-7314-4D92-965E-B8BB389A71BC} = {C99F63E9-6E0F-495B-9A3D-84AD8DB04A13}
		{8A37695A-2DB1-41B5-B880-82C188169F56} = {C932FAAC-35D3-424B-B39B-7DD92A9B47BF}
		{4A3BA2B9-3954-43C0-B50B-0FB12303A74B} = {8A37695A-2DB1-41B5-B880-82C188169F56}
		{37CB2892-CF43-4E4C-B13F-F6452220EAD4} = {4A3BA2B9-3954-43C0-B50B-0FB12303A74B}
		{EFA645CA-8538-48C8-A624-A25ABE16C047} = {4A3BA2B9-3954-43C0-B50B-0FB12303A74B}
		{51937577-2A0D-4F52-A8CD-47055A0D5EA4} = {4A3BA2B9-3954-43C0-B50B-0FB12303A74B}
		{3D6C5A5D-DE6D-4674-9CA6-D5F6A43C5299} = {4A3BA2B9-3954-43C0-B50B-0FB12303A74B}
		{E7CBCF15-10E3-4D4B-8F49-C32CDA8A8848} = {4A3BA2B9-3954-43C0-B50B-0FB12303A74B}
		{161AD3C8-D5D6-4DD0-A809-4B1A0E579504} = {4A3BA2B9-3954-43C0-B50B-0FB12303A74B}
		{6AC5E9DE-5834-4210-A95D-9DBFD5573D67} = {8A37695A-2DB1-41B5-B880-82C188169F56}
	EndGlobalSection
	GlobalSection(ExtensibilityGlobals) = postSolution
		SolutionGuid = {11ACFAF3-234A-49FC-AA66-FA1CAECDFFED}
	EndGlobalSection
EndGlobal
